{
  "version": 4,
  "terraform_version": "1.2.5",
  "serial": 2,
  "lineage": "dfda1133-ce4b-faa3-0586-0534496ee102",
  "outputs": {
    "ip": {
      "value": "44.202.198.66",
      "type": "string"
    },
    "run": {
      "value": "export host=$(tf show | grep -i public_dns | awk {'print $3'} | sed 's/\"//g'); echo $host; ssh ubuntu@$host; curl -s -I $host | grep HTTP",
      "type": "string"
    }
  },
  "resources": [
    {
      "mode": "data",
      "type": "aws_ami",
      "name": "ubuntu",
      "provider": "provider[\"registry.terraform.io/hashicorp/aws\"]",
      "instances": [
        {
          "schema_version": 0,
          "attributes": {
            "architecture": "x86_64",
            "arn": "arn:aws:ec2:us-east-1::image/ami-079ca844e323047c2",
            "block_device_mappings": [
              {
                "device_name": "/dev/sda1",
                "ebs": {
                  "delete_on_termination": "true",
                  "encrypted": "false",
                  "iops": "0",
                  "snapshot_id": "snap-0c10ccc360ee5b4bd",
                  "throughput": "0",
                  "volume_size": "8",
                  "volume_type": "gp2"
                },
                "no_device": "",
                "virtual_name": ""
              },
              {
                "device_name": "/dev/sdb",
                "ebs": {},
                "no_device": "",
                "virtual_name": "ephemeral0"
              },
              {
                "device_name": "/dev/sdc",
                "ebs": {},
                "no_device": "",
                "virtual_name": "ephemeral1"
              }
            ],
            "boot_mode": "",
            "creation_date": "2022-09-02T01:14:35.000Z",
            "deprecation_time": "2024-09-02T01:14:35.000Z",
            "description": "Canonical, Ubuntu, 20.04 LTS, amd64 focal image build on 2022-09-01",
            "ena_support": true,
            "executable_users": null,
            "filter": [
              {
                "name": "name",
                "values": [
                  "ubuntu/images/hvm-ssd/ubuntu-focal-20.04-amd64-server-*"
                ]
              },
              {
                "name": "virtualization-type",
                "values": [
                  "hvm"
                ]
              }
            ],
            "hypervisor": "xen",
            "id": "ami-079ca844e323047c2",
            "image_id": "ami-079ca844e323047c2",
            "image_location": "amazon/ubuntu/images/hvm-ssd/ubuntu-focal-20.04-amd64-server-20220901",
            "image_owner_alias": "amazon",
            "image_type": "machine",
            "include_deprecated": false,
            "kernel_id": "",
            "most_recent": true,
            "name": "ubuntu/images/hvm-ssd/ubuntu-focal-20.04-amd64-server-20220901",
            "name_regex": null,
            "owner_id": "099720109477",
            "owners": [
              "099720109477"
            ],
            "platform": "",
            "platform_details": "Linux/UNIX",
            "product_codes": [],
            "public": true,
            "ramdisk_id": "",
            "root_device_name": "/dev/sda1",
            "root_device_type": "ebs",
            "root_snapshot_id": "snap-0c10ccc360ee5b4bd",
            "sriov_net_support": "simple",
            "state": "available",
            "state_reason": {
              "code": "UNSET",
              "message": "UNSET"
            },
            "tags": {},
            "timeouts": null,
            "tpm_support": "",
            "usage_operation": "RunInstances",
            "virtualization_type": "hvm"
          },
          "sensitive_attributes": []
        }
      ]
    },
    {
      "mode": "data",
      "type": "aws_key_pair",
      "name": "this",
      "provider": "provider[\"registry.terraform.io/hashicorp/aws\"]",
      "instances": [
        {
          "schema_version": 0,
          "attributes": {
            "arn": "arn:aws:ec2:us-east-1:853695258386:key-pair/bastion_public_key",
            "create_time": "2022-08-16T05:14:59Z",
            "filter": null,
            "fingerprint": "c9:42:f3:1e:49:17:bd:ec:98:6d:a5:8a:6b:38:2f:fa:65:31:ee:8c",
            "id": "key-066f1f4b04bb17a8a",
            "include_public_key": true,
            "key_name": "bastion_public_key",
            "key_pair_id": "key-066f1f4b04bb17a8a",
            "key_type": "rsa",
            "public_key": "ssh-rsa AAAAB3NzaC1yc2EAAAADAQABAAABAQCsklEfohDvPvCMHDECQW/UJk93Df5N7tmODUnyRsXS969sQCJ6PCyCZSLpI2wFpkOTTCZ+qsZrok2OQ6dEY/dYoYpXeFUUMGfVDGBeZE9+dVUrJCv2ee9g4QymysQIeY0/9thktCNrU0icfin/DAzt2sEqu6pdB7FNmZB/D8NmqV0YdqxFK0KkgUFTci0d++u9nIFW94lHdChHxK8xKvswatooMCw/1xEJe9/gJhVdahu1IijKUoYQJOemhPE9jEMEQjQjXxHmpyCD3+o/Ezbs5NoR7hGE/ZLR4lD8iCtFBpMZloy4jfdTK6hwteB/PrrPuol7IQ6UKwj0ObmjSAZT bastion_public_key",
            "tags": {
              "devops": "bastion"
            },
            "timeouts": null
          },
          "sensitive_attributes": []
        }
      ]
    },
    {
      "mode": "managed",
      "type": "aws_instance",
      "name": "this",
      "provider": "provider[\"registry.terraform.io/hashicorp/aws\"]",
      "instances": [
        {
          "schema_version": 1,
          "attributes": {
            "ami": "ami-079ca844e323047c2",
            "arn": "arn:aws:ec2:us-east-1:853695258386:instance/i-0feb807c230ec992c",
            "associate_public_ip_address": true,
            "availability_zone": "us-east-1c",
            "capacity_reservation_specification": [
              {
                "capacity_reservation_preference": "open",
                "capacity_reservation_target": []
              }
            ],
            "cpu_core_count": 1,
            "cpu_threads_per_core": 2,
            "credit_specification": [
              {
                "cpu_credits": "unlimited"
              }
            ],
            "disable_api_stop": false,
            "disable_api_termination": false,
            "ebs_block_device": [],
            "ebs_optimized": false,
            "enclave_options": [
              {
                "enabled": false
              }
            ],
            "ephemeral_block_device": [],
            "get_password_data": false,
            "hibernation": false,
            "host_id": null,
            "host_resource_group_arn": null,
            "iam_instance_profile": "",
            "id": "i-0feb807c230ec992c",
            "instance_initiated_shutdown_behavior": "stop",
            "instance_state": "running",
            "instance_type": "t3.medium",
            "ipv6_address_count": 0,
            "ipv6_addresses": [],
            "key_name": "bastion_public_key",
            "launch_template": [],
            "maintenance_options": [
              {
                "auto_recovery": "default"
              }
            ],
            "metadata_options": [
              {
                "http_endpoint": "enabled",
                "http_put_response_hop_limit": 1,
                "http_tokens": "optional",
                "instance_metadata_tags": "disabled"
              }
            ],
            "monitoring": false,
            "network_interface": [],
            "outpost_arn": "",
            "password_data": "",
            "placement_group": "",
            "placement_partition_number": null,
            "primary_network_interface_id": "eni-097a06aa7b8823434",
            "private_dns": "ip-172-31-11-51.ec2.internal",
            "private_dns_name_options": [
              {
                "enable_resource_name_dns_a_record": false,
                "enable_resource_name_dns_aaaa_record": false,
                "hostname_type": "ip-name"
              }
            ],
            "private_ip": "172.31.11.51",
            "public_dns": "ec2-44-202-198-66.compute-1.amazonaws.com",
            "public_ip": "44.202.198.66",
            "root_block_device": [
              {
                "delete_on_termination": true,
                "device_name": "/dev/sda1",
                "encrypted": true,
                "iops": 3000,
                "kms_key_id": "arn:aws:kms:us-east-1:853695258386:key/59d85422-bb45-42e4-b967-b7826a9d4cbb",
                "tags": {
                  "Name": "my-root-block"
                },
                "throughput": 200,
                "volume_id": "vol-0c9e3d0710712daf3",
                "volume_size": 100,
                "volume_type": "gp3"
              }
            ],
            "secondary_private_ips": [],
            "security_groups": [
              "ubuntu-public"
            ],
            "source_dest_check": true,
            "subnet_id": "subnet-057f3044337045b30",
            "tags": {
              "Name": "mint-ubuntu2"
            },
            "tags_all": {
              "Name": "mint-ubuntu2"
            },
            "tenancy": "default",
            "timeouts": null,
            "user_data": null,
            "user_data_base64": null,
            "user_data_replace_on_change": false,
            "volume_tags": null,
            "vpc_security_group_ids": [
              "sg-0d810e0f3ebb1259b"
            ]
          },
          "sensitive_attributes": [],
          "private": "eyJlMmJmYjczMC1lY2FhLTExZTYtOGY4OC0zNDM2M2JjN2M0YzAiOnsiY3JlYXRlIjo2MDAwMDAwMDAwMDAsImRlbGV0ZSI6MTIwMDAwMDAwMDAwMCwidXBkYXRlIjo2MDAwMDAwMDAwMDB9LCJzY2hlbWFfdmVyc2lvbiI6IjEifQ==",
          "dependencies": [
            "data.aws_ami.ubuntu",
            "data.aws_key_pair.this"
          ]
        }
      ]
    }
  ]
}
